
Microsoft Visual Studio Solution File, Format Version 12.00
# Visual Studio Version 17
VisualStudioVersion = 17.11.35222.181
MinimumVisualStudioVersion = 10.0.40219.1
Project("{FAE04EC0-301F-11D3-BF4B-00C04F79EFBC}") = "parcial_2_2024", "parcial_2_2024\parcial_2_2024.csproj", "{DF87EE82-9AE1-44D7-97BF-9E94BEE2B038}"
EndProject
Global
	GlobalSection(SolutionConfigurationPlatforms) = preSolution
		Debug|Any CPU = Debug|Any CPU
		Release|Any CPU = Release|Any CPU
	EndGlobalSection
	GlobalSection(ProjectConfigurationPlatforms) = postSolution
		{DF87EE82-9AE1-44D7-97BF-9E94BEE2B038}.Debug|Any CPU.ActiveCfg = Debug|Any CPU
		{DF87EE82-9AE1-44D7-97BF-9E94BEE2B038}.Debug|Any CPU.Build.0 = Debug|Any CPU
		{DF87EE82-9AE1-44D7-97BF-9E94BEE2B038}.Release|Any CPU.ActiveCfg = Release|Any CPU
		{DF87EE82-9AE1-44D7-97BF-9E94BEE2B038}.Release|Any CPU.Build.0 = Release|Any CPU
	EndGlobalSection
	GlobalSection(SolutionProperties) = preSolution
		HideSolutionNode = FALSE
	EndGlobalSection
	GlobalSection(ExtensibilityGlobals) = postSolution
		SolutionGuid = {213AE2B1-330E-4EDB-B011-E52793DC9271}
	EndGlobalSection
EndGlobal
